
Microsoft Visual Studio Solution File, Format Version 12.00
# Visual Studio Version 17
VisualStudioVersion = 17.11.35222.181
MinimumVisualStudioVersion = 10.0.40219.1
Project("{FAE04EC0-301F-11D3-BF4B-00C04F79EFBC}") = "MyPortfolioNight", "MyPortfolioNight.csproj", "{E646120D-CB59-4259-8A63-48E08833F95C}"
EndProject
Global
	GlobalSection(SolutionConfigurationPlatforms) = preSolution
		Debug|Any CPU = Debug|Any CPU
		Release|Any CPU = Release|Any CPU
	EndGlobalSection
	GlobalSection(ProjectConfigurationPlatforms) = postSolution
		{E646120D-CB59-4259-8A63-48E08833F95C}.Debug|Any CPU.ActiveCfg = Debug|Any CPU
		{E646120D-CB59-4259-8A63-48E08833F95C}.Debug|Any CPU.Build.0 = Debug|Any CPU
		{E646120D-CB59-4259-8A63-48E08833F95C}.Release|Any CPU.ActiveCfg = Release|Any CPU
		{E646120D-CB59-4259-8A63-48E08833F95C}.Release|Any CPU.Build.0 = Release|Any CPU
	EndGlobalSection
	GlobalSection(SolutionProperties) = preSolution
		HideSolutionNode = FALSE
	EndGlobalSection
	GlobalSection(ExtensibilityGlobals) = postSolution
		SolutionGuid = {514F8442-92CF-4B03-BD3C-97D3A488460A}
	EndGlobalSection
EndGlobal
